
Microsoft Visual Studio Solution File, Format Version 12.00
# Visual Studio Version 17
VisualStudioVersion = 17.0.31912.275
MinimumVisualStudioVersion = 10.0.40219.1
Project("{00D1A9C2-B5F0-4AF3-8072-F6C62B433612}") = "VsDbProject", "VsDbProject.sqlproj", "{CC7E41A2-3E1A-4ACB-928E-69ADED9205F3}"
EndProject
Global
	GlobalSection(SolutionConfigurationPlatforms) = preSolution
		Debug|Any CPU = Debug|Any CPU
		Release|Any CPU = Release|Any CPU
	EndGlobalSection
	GlobalSection(ProjectConfigurationPlatforms) = postSolution
		{CC7E41A2-3E1A-4ACB-928E-69ADED9205F3}.Debug|Any CPU.ActiveCfg = Debug|Any CPU
		{CC7E41A2-3E1A-4ACB-928E-69ADED9205F3}.Debug|Any CPU.Build.0 = Debug|Any CPU
		{CC7E41A2-3E1A-4ACB-928E-69ADED9205F3}.Debug|Any CPU.Deploy.0 = Debug|Any CPU
		{CC7E41A2-3E1A-4ACB-928E-69ADED9205F3}.Release|Any CPU.ActiveCfg = Release|Any CPU
		{CC7E41A2-3E1A-4ACB-928E-69ADED9205F3}.Release|Any CPU.Build.0 = Release|Any CPU
		{CC7E41A2-3E1A-4ACB-928E-69ADED9205F3}.Release|Any CPU.Deploy.0 = Release|Any CPU
	EndGlobalSection
	GlobalSection(SolutionProperties) = preSolution
		HideSolutionNode = FALSE
	EndGlobalSection
	GlobalSection(ExtensibilityGlobals) = postSolution
		SolutionGuid = {0B4743B3-8065-460B-99B6-C6089428BD19}
	EndGlobalSection
EndGlobal
